{
  "version": 4,
  "terraform_version": "1.10.3",
  "serial": 12,
  "lineage": "edca472e-d1fa-c804-f4dd-d616fe9448f8",
  "outputs": {
    "subnets_ids": {
      "value": [
        "subnet-0cf731c2cac26c8f8",
        "subnet-07e51e6f68ef83e22"
      ],
      "type": [
        "tuple",
        [
          "string",
          "string"
        ]
      ]
    }
  },
  "resources": [
    {
      "mode": "data",
      "type": "aws_route53_zone",
      "name": "zone",
      "provider": "provider[\"registry.terraform.io/hashicorp/aws\"]",
      "instances": [
        {
          "schema_version": 0,
          "attributes": {
            "arn": "arn:aws:route53:::hostedzone/Z02222952YFWU664LD34Z",
            "caller_reference": "terraform-20240916092404398200000001",
            "comment": "Managed by Terraform",
            "id": "Z02222952YFWU664LD34Z",
            "linked_service_description": null,
            "linked_service_principal": null,
            "name": "devops4.test-danit.com",
            "name_servers": [
              "ns-1220.awsdns-24.org",
              "ns-163.awsdns-20.com",
              "ns-2016.awsdns-60.co.uk",
              "ns-678.awsdns-20.net"
            ],
            "primary_name_server": "ns-1220.awsdns-24.org",
            "private_zone": false,
            "resource_record_set_count": 4,
            "tags": {},
            "vpc_id": null,
            "zone_id": "Z02222952YFWU664LD34Z"
          },
          "sensitive_attributes": []
        }
      ]
    },
    {
      "mode": "data",
      "type": "http",
      "name": "workstation-external-ip",
      "provider": "provider[\"registry.terraform.io/hashicorp/http\"]",
      "instances": [
        {
          "schema_version": 0,
          "attributes": {
            "body": "31.202.149.239\n",
            "ca_cert_pem": null,
            "id": "http://ipv4.icanhazip.com",
            "insecure": null,
            "method": null,
            "request_body": null,
            "request_headers": null,
            "request_timeout_ms": null,
            "response_body": "31.202.149.239\n",
            "response_body_base64": "MzEuMjAyLjE0OS4yMzkK",
            "response_headers": {
              "Access-Control-Allow-Methods": "GET",
              "Access-Control-Allow-Origin": "*",
              "Alt-Svc": "h3=\":443\"; ma=86400",
              "Cf-Ray": "8f6a89da5993247c-KBP",
              "Connection": "keep-alive",
              "Content-Length": "15",
              "Content-Type": "text/plain",
              "Date": "Mon, 23 Dec 2024 18:50:39 GMT",
              "Server": "cloudflare",
              "Set-Cookie": "__cf_bm=PvleIRwcqvX2PRjZ6OnOrj0MFoD4Sqtze8RH1OCY9Ik-1734979839-1.0.1.1-ATEL4pzs6WTPTVyKL8EXHNwc3K7JC3zNw5cjShWGVUSzy3ilj4WYcb4EvqWDAtDGXEFAetMMhOH.RKjQmyrCYQ; path=/; expires=Mon, 23-Dec-24 19:20:39 GMT; domain=.icanhazip.com; HttpOnly",
              "Vary": "Accept-Encoding"
            },
            "retry": null,
            "status_code": 200,
            "url": "http://ipv4.icanhazip.com"
          },
          "sensitive_attributes": []
        }
      ]
    },
    {
      "mode": "managed",
      "type": "aws_eks_cluster",
      "name": "danit",
      "provider": "provider[\"registry.terraform.io/hashicorp/aws\"]",
      "instances": [
        {
          "schema_version": 1,
          "attributes": {
            "access_config": [
              {
                "authentication_mode": "CONFIG_MAP",
                "bootstrap_cluster_creator_admin_permissions": true
              }
            ],
            "arn": "arn:aws:eks:eu-central-1:314146331566:cluster/danit",
            "bootstrap_self_managed_addons": true,
            "certificate_authority": [
              {
                "data": "LS0tLS1CRUdJTiBDRVJUSUZJQ0FURS0tLS0tCk1JSURCVENDQWUyZ0F3SUJBZ0lJQmtXQnl4dFk2Y3N3RFFZSktvWklodmNOQVFFTEJRQXdGVEVUTUJFR0ExVUUKQXhNS2EzVmlaWEp1WlhSbGN6QWVGdzB5TkRFeU1qTXhPRFV3TkRoYUZ3MHpOREV5TWpFeE9EVTFORGhhTUJVeApFekFSQmdOVkJBTVRDbXQxWW1WeWJtVjBaWE13Z2dFaU1BMEdDU3FHU0liM0RRRUJBUVVBQTRJQkR3QXdnZ0VLCkFvSUJBUUNnWGpoeXlTVkNVTVIrVDZ5MU13T3ltWHJOUUp3blZxVzEwQVdoRnB0UVFYOFZjanUvNTlUSm4raWYKYVE2MTZIZElNS0VHcjBSdHFxSVJxWWFaY1dxeHc1a1ozazMxUEtEVE56blNKVFNBcnB2SHBmbjFPb0lwYldrWQpBa2ZMT3Z5WHhYVkhVN1RiVFlDRStXUUNKT25zOENBcnMzZWluNUJjaml2b0FGT0RjQnErV2srbnhUNmZIL1c3CllqUVE3VGEwQ1BwMEY2WTNvNkJ6WGhrOTJvMkxSL0sxRUt3MzlOL0lrT0dLRkhRVnBRRmZkQXNMWndHVEdYc3YKVGNabHBpaDZwenRxcTFpNHlSenB2RnNwdXVrOUlvbXlGak52RW8xNnNhanRlL1d3ZUM4Qk9yMmgzbFpzK0xxWApWdkFZbXNHTzVsT0ZrZUNybll2R0pyZHdJZXIxQWdNQkFBR2pXVEJYTUE0R0ExVWREd0VCL3dRRUF3SUNwREFQCkJnTlZIUk1CQWY4RUJUQURBUUgvTUIwR0ExVWREZ1FXQkJTS3lhOU82dWplVHJJSlFHU09QeU1ubXB3MUtUQVYKQmdOVkhSRUVEakFNZ2dwcmRXSmxjbTVsZEdWek1BMEdDU3FHU0liM0RRRUJDd1VBQTRJQkFRQS9FNXhCekVyMwpuLytDL2xYME9wK3NnTnhKcTdYdFd4OXNsdFlSNjNkRHNDOTVTWjlpMmpiZlB3TE16VE1MWTlOSlhRNUZGa2JGCjFQcFlCcmZuSi8wR3RvLzI3NmlRYUxlM2ppVjdUNVdNejR2a1JEZEV0RUhzTWtJMjVIM08zazFDcStLVnhpdFgKTVBNanZxOGt1bkJZTFpkOU83SVRuMHN6VDRCaVRQc1RHYTZXSitMa2FGQ0VudTJ5L1BrT29iRVNYb2JleTdjbQp2WExQbjJvQmlaR0tDMkhlZ3RKL1ZEVlMrNUNjcXVOWmJYZUdqTmhXenVvcFVuWEMzVVdGbXp4akw0dG1zbjVJCkpJeURRSEQ0THVXWVkyWHc5SzBBL1dHdmk2bnQwNit4TklzdktnVDVGejcrZER6ZUsxNUxqbzI2cEY3NUlnMWwKSE9TcTIwVDZGeDlHCi0tLS0tRU5EIENFUlRJRklDQVRFLS0tLS0K"
              }
            ],
            "cluster_id": null,
            "compute_config": [],
            "created_at": "2024-12-23T18:51:29Z",
            "enabled_cluster_log_types": null,
            "encryption_config": [],
            "endpoint": "https://BC69E23C78C1A8EB0AD7B2D8F47F039A.gr7.eu-central-1.eks.amazonaws.com",
            "id": "danit",
            "identity": [
              {
                "oidc": [
                  {
                    "issuer": "https://oidc.eks.eu-central-1.amazonaws.com/id/BC69E23C78C1A8EB0AD7B2D8F47F039A"
                  }
                ]
              }
            ],
            "kubernetes_network_config": [
              {
                "elastic_load_balancing": [
                  {
                    "enabled": false
                  }
                ],
                "ip_family": "ipv4",
                "service_ipv4_cidr": "172.20.0.0/16",
                "service_ipv6_cidr": ""
              }
            ],
            "name": "danit",
            "outpost_config": [],
            "platform_version": "eks.15",
            "remote_network_config": [],
            "role_arn": "arn:aws:iam::314146331566:role/fs17_eks_cluster_role",
            "status": "ACTIVE",
            "storage_config": [],
            "tags": {
              "Environment": "test-studen1",
              "Name": "danit",
              "TfControl": "true"
            },
            "tags_all": {
              "Environment": "test-studen1",
              "Name": "danit",
              "TfControl": "true"
            },
            "timeouts": null,
            "upgrade_policy": [
              {
                "support_type": "EXTENDED"
              }
            ],
            "version": "1.31",
            "vpc_config": [
              {
                "cluster_security_group_id": "sg-0ca6d9e3de19b57f7",
                "endpoint_private_access": false,
                "endpoint_public_access": true,
                "public_access_cidrs": [
                  "0.0.0.0/0"
                ],
                "security_group_ids": null,
                "subnet_ids": [
                  "subnet-07e51e6f68ef83e22",
                  "subnet-0cf731c2cac26c8f8"
                ],
                "vpc_id": "vpc-091c2f49f340cc84c"
              }
            ],
            "zonal_shift_config": []
          },
          "sensitive_attributes": [],
          "private": "eyJlMmJmYjczMC1lY2FhLTExZTYtOGY4OC0zNDM2M2JjN2M0YzAiOnsiY3JlYXRlIjoxODAwMDAwMDAwMDAwLCJkZWxldGUiOjkwMDAwMDAwMDAwMCwidXBkYXRlIjozNjAwMDAwMDAwMDAwfSwic2NoZW1hX3ZlcnNpb24iOiIxIn0=",
          "dependencies": [
            "aws_iam_role.fs17_eks_cluster_role",
            "aws_subnet.subnet_a",
            "aws_subnet.subnet_b",
            "aws_vpc.main_vpc"
          ]
        }
      ]
    },
    {
      "mode": "managed",
      "type": "aws_eks_node_group",
      "name": "fs17_eks_node_group",
      "provider": "provider[\"registry.terraform.io/hashicorp/aws\"]",
      "instances": [
        {
          "status": "tainted",
          "schema_version": 0,
          "attributes": {
            "ami_type": null,
            "arn": null,
            "capacity_type": null,
            "cluster_name": "danit",
            "disk_size": null,
            "force_update_version": null,
            "id": "danit:fs17-node-group",
            "instance_types": [
              "t3.micro"
            ],
            "labels": {
              "node-type": "general"
            },
            "launch_template": [],
            "node_group_name": "fs17-node-group",
            "node_group_name_prefix": null,
            "node_role_arn": "arn:aws:iam::314146331566:role/unique-danit-node-role",
            "release_version": null,
            "remote_access": [],
            "resources": null,
            "scaling_config": [
              {
                "desired_size": 1,
                "max_size": 1,
                "min_size": 1
              }
            ],
            "status": null,
            "subnet_ids": [
              "subnet-07e51e6f68ef83e22",
              "subnet-0cf731c2cac26c8f8"
            ],
            "tags": {
              "Environment": "test-studen1",
              "Name": "fs17-node-group",
              "TfControl": "true"
            },
            "tags_all": {
              "Environment": "test-studen1",
              "Name": "fs17-node-group",
              "TfControl": "true"
            },
            "taint": [],
            "timeouts": null,
            "update_config": null,
            "version": null
          },
          "sensitive_attributes": [],
          "private": "eyJlMmJmYjczMC1lY2FhLTExZTYtOGY4OC0zNDM2M2JjN2M0YzAiOnsiY3JlYXRlIjozNjAwMDAwMDAwMDAwLCJkZWxldGUiOjM2MDAwMDAwMDAwMDAsInVwZGF0ZSI6MzYwMDAwMDAwMDAwMH19",
          "dependencies": [
            "aws_eks_cluster.danit",
            "aws_iam_role.fs17-node-role",
            "aws_iam_role.fs17_eks_cluster_role",
            "aws_subnet.subnet_a",
            "aws_subnet.subnet_b",
            "aws_vpc.main_vpc"
          ]
        }
      ]
    },
    {
      "mode": "managed",
      "type": "aws_iam_role",
      "name": "eks_cluster_role",
      "provider": "provider[\"registry.terraform.io/hashicorp/aws\"]",
      "instances": [
        {
          "schema_version": 0,
          "attributes": {
            "arn": "arn:aws:iam::314146331566:role/eks-cluster-role",
            "assume_role_policy": "{\"Statement\":[{\"Action\":\"sts:AssumeRole\",\"Effect\":\"Allow\",\"Principal\":{\"Service\":\"eks.amazonaws.com\"}}],\"Version\":\"2012-10-17\"}",
            "create_date": "2024-12-23T18:14:54Z",
            "description": "",
            "force_detach_policies": false,
            "id": "eks-cluster-role",
            "inline_policy": [],
            "managed_policy_arns": [
              "arn:aws:iam::aws:policy/AmazonEKSClusterPolicy",
              "arn:aws:iam::aws:policy/AmazonEKSServicePolicy"
            ],
            "max_session_duration": 3600,
            "name": "eks-cluster-role",
            "name_prefix": "",
            "path": "/",
            "permissions_boundary": "",
            "tags": {},
            "tags_all": {},
            "unique_id": "AROAUSJEUTOXI5ODQ5EHG"
          },
          "sensitive_attributes": [],
          "private": "bnVsbA=="
        }
      ]
    },
    {
      "mode": "managed",
      "type": "aws_iam_role",
      "name": "fs17-node-role",
      "provider": "provider[\"registry.terraform.io/hashicorp/aws\"]",
      "instances": [
        {
          "schema_version": 0,
          "attributes": {
            "arn": "arn:aws:iam::314146331566:role/unique-danit-node-role",
            "assume_role_policy": "{\"Statement\":[{\"Action\":\"sts:AssumeRole\",\"Effect\":\"Allow\",\"Principal\":{\"Service\":\"ec2.amazonaws.com\"}}],\"Version\":\"2012-10-17\"}",
            "create_date": "2024-12-23T18:35:57Z",
            "description": "",
            "force_detach_policies": false,
            "id": "unique-danit-node-role",
            "inline_policy": [],
            "managed_policy_arns": [],
            "max_session_duration": 3600,
            "name": "unique-danit-node-role",
            "name_prefix": "",
            "path": "/",
            "permissions_boundary": "",
            "tags": {
              "Environment": "test-studen1",
              "Name": "fs17-node-role",
              "TfControl": "true"
            },
            "tags_all": {
              "Environment": "test-studen1",
              "Name": "fs17-node-role",
              "TfControl": "true"
            },
            "unique_id": "AROAUSJEUTOXIN7HUCBRV"
          },
          "sensitive_attributes": [],
          "private": "bnVsbA=="
        }
      ]
    },
    {
      "mode": "managed",
      "type": "aws_iam_role",
      "name": "fs17_eks_cluster_role",
      "provider": "provider[\"registry.terraform.io/hashicorp/aws\"]",
      "instances": [
        {
          "schema_version": 0,
          "attributes": {
            "arn": "arn:aws:iam::314146331566:role/fs17_eks_cluster_role",
            "assume_role_policy": "{\"Statement\":[{\"Action\":\"sts:AssumeRole\",\"Effect\":\"Allow\",\"Principal\":{\"Service\":\"eks.amazonaws.com\"}}],\"Version\":\"2012-10-17\"}",
            "create_date": "2024-12-23T17:29:27Z",
            "description": "",
            "force_detach_policies": false,
            "id": "fs17_eks_cluster_role",
            "inline_policy": [],
            "managed_policy_arns": [],
            "max_session_duration": 3600,
            "name": "fs17_eks_cluster_role",
            "name_prefix": "",
            "path": "/",
            "permissions_boundary": "",
            "tags": {
              "Environment": "test-studen1",
              "Name": "fs17-eks-cluster-role",
              "TfControl": "true"
            },
            "tags_all": {
              "Environment": "test-studen1",
              "Name": "fs17-eks-cluster-role",
              "TfControl": "true"
            },
            "unique_id": "AROAUSJEUTOXMF6FTMGM7"
          },
          "sensitive_attributes": [],
          "private": "bnVsbA=="
        }
      ]
    },
    {
      "mode": "managed",
      "type": "aws_iam_role_policy_attachment",
      "name": "eks_cluster_policy",
      "provider": "provider[\"registry.terraform.io/hashicorp/aws\"]",
      "instances": [
        {
          "schema_version": 0,
          "attributes": {
            "id": "eks-cluster-role-20241223181455663900000002",
            "policy_arn": "arn:aws:iam::aws:policy/AmazonEKSClusterPolicy",
            "role": "eks-cluster-role"
          },
          "sensitive_attributes": [],
          "private": "bnVsbA==",
          "dependencies": [
            "aws_iam_role.eks_cluster_role"
          ]
        }
      ]
    },
    {
      "mode": "managed",
      "type": "aws_iam_role_policy_attachment",
      "name": "eks_service_policy",
      "provider": "provider[\"registry.terraform.io/hashicorp/aws\"]",
      "instances": [
        {
          "schema_version": 0,
          "attributes": {
            "id": "eks-cluster-role-20241223181455642400000001",
            "policy_arn": "arn:aws:iam::aws:policy/AmazonEKSServicePolicy",
            "role": "eks-cluster-role"
          },
          "sensitive_attributes": [],
          "private": "bnVsbA==",
          "dependencies": [
            "aws_iam_role.eks_cluster_role"
          ]
        }
      ]
    },
    {
      "mode": "managed",
      "type": "aws_security_group",
      "name": "fs17_cluster_sg",
      "provider": "provider[\"registry.terraform.io/hashicorp/aws\"]",
      "instances": [
        {
          "schema_version": 1,
          "attributes": {
            "arn": "arn:aws:ec2:eu-central-1:314146331566:security-group/sg-06dcce0677a36ec73",
            "description": "Security group for EKS cluster",
            "egress": [
              {
                "cidr_blocks": [
                  "0.0.0.0/0"
                ],
                "description": "",
                "from_port": 0,
                "ipv6_cidr_blocks": [],
                "prefix_list_ids": [],
                "protocol": "-1",
                "security_groups": [],
                "self": false,
                "to_port": 0
              }
            ],
            "id": "sg-06dcce0677a36ec73",
            "ingress": [
              {
                "cidr_blocks": [
                  "0.0.0.0/0"
                ],
                "description": "",
                "from_port": 443,
                "ipv6_cidr_blocks": [],
                "prefix_list_ids": [],
                "protocol": "tcp",
                "security_groups": [],
                "self": false,
                "to_port": 443
              },
              {
                "cidr_blocks": [
                  "0.0.0.0/0"
                ],
                "description": "",
                "from_port": 80,
                "ipv6_cidr_blocks": [],
                "prefix_list_ids": [],
                "protocol": "tcp",
                "security_groups": [],
                "self": false,
                "to_port": 80
              }
            ],
            "name": "fs17_cluster_sg",
            "name_prefix": "",
            "owner_id": "314146331566",
            "revoke_rules_on_delete": false,
            "tags": {
              "Environment": "test-studen1",
              "Name": "fs17-cluster-sg",
              "TfControl": "true"
            },
            "tags_all": {
              "Environment": "test-studen1",
              "Name": "fs17-cluster-sg",
              "TfControl": "true"
            },
            "timeouts": null,
            "vpc_id": "vpc-091c2f49f340cc84c"
          },
          "sensitive_attributes": [],
          "private": "eyJlMmJmYjczMC1lY2FhLTExZTYtOGY4OC0zNDM2M2JjN2M0YzAiOnsiY3JlYXRlIjo2MDAwMDAwMDAwMDAsImRlbGV0ZSI6OTAwMDAwMDAwMDAwfSwic2NoZW1hX3ZlcnNpb24iOiIxIn0=",
          "dependencies": [
            "aws_vpc.main_vpc"
          ]
        }
      ]
    },
    {
      "mode": "managed",
      "type": "aws_subnet",
      "name": "subnet_a",
      "provider": "provider[\"registry.terraform.io/hashicorp/aws\"]",
      "instances": [
        {
          "schema_version": 1,
          "attributes": {
            "arn": "arn:aws:ec2:eu-central-1:314146331566:subnet/subnet-0cf731c2cac26c8f8",
            "assign_ipv6_address_on_creation": false,
            "availability_zone": "eu-central-1a",
            "availability_zone_id": "euc1-az2",
            "cidr_block": "10.0.1.0/24",
            "customer_owned_ipv4_pool": "",
            "enable_dns64": false,
            "enable_lni_at_device_index": 0,
            "enable_resource_name_dns_a_record_on_launch": false,
            "enable_resource_name_dns_aaaa_record_on_launch": false,
            "id": "subnet-0cf731c2cac26c8f8",
            "ipv6_cidr_block": "",
            "ipv6_cidr_block_association_id": "",
            "ipv6_native": false,
            "map_customer_owned_ip_on_launch": false,
            "map_public_ip_on_launch": true,
            "outpost_arn": "",
            "owner_id": "314146331566",
            "private_dns_hostname_type_on_launch": "ip-name",
            "tags": {
              "Name": "subnet-a"
            },
            "tags_all": {
              "Name": "subnet-a"
            },
            "timeouts": null,
            "vpc_id": "vpc-091c2f49f340cc84c"
          },
          "sensitive_attributes": [],
          "private": "eyJlMmJmYjczMC1lY2FhLTExZTYtOGY4OC0zNDM2M2JjN2M0YzAiOnsiY3JlYXRlIjo2MDAwMDAwMDAwMDAsImRlbGV0ZSI6MTIwMDAwMDAwMDAwMH0sInNjaGVtYV92ZXJzaW9uIjoiMSJ9",
          "dependencies": [
            "aws_vpc.main_vpc"
          ]
        }
      ]
    },
    {
      "mode": "managed",
      "type": "aws_subnet",
      "name": "subnet_b",
      "provider": "provider[\"registry.terraform.io/hashicorp/aws\"]",
      "instances": [
        {
          "schema_version": 1,
          "attributes": {
            "arn": "arn:aws:ec2:eu-central-1:314146331566:subnet/subnet-07e51e6f68ef83e22",
            "assign_ipv6_address_on_creation": false,
            "availability_zone": "eu-central-1b",
            "availability_zone_id": "euc1-az3",
            "cidr_block": "10.0.2.0/24",
            "customer_owned_ipv4_pool": "",
            "enable_dns64": false,
            "enable_lni_at_device_index": 0,
            "enable_resource_name_dns_a_record_on_launch": false,
            "enable_resource_name_dns_aaaa_record_on_launch": false,
            "id": "subnet-07e51e6f68ef83e22",
            "ipv6_cidr_block": "",
            "ipv6_cidr_block_association_id": "",
            "ipv6_native": false,
            "map_customer_owned_ip_on_launch": false,
            "map_public_ip_on_launch": true,
            "outpost_arn": "",
            "owner_id": "314146331566",
            "private_dns_hostname_type_on_launch": "ip-name",
            "tags": {
              "Name": "subnet-b"
            },
            "tags_all": {
              "Name": "subnet-b"
            },
            "timeouts": null,
            "vpc_id": "vpc-091c2f49f340cc84c"
          },
          "sensitive_attributes": [],
          "private": "eyJlMmJmYjczMC1lY2FhLTExZTYtOGY4OC0zNDM2M2JjN2M0YzAiOnsiY3JlYXRlIjo2MDAwMDAwMDAwMDAsImRlbGV0ZSI6MTIwMDAwMDAwMDAwMH0sInNjaGVtYV92ZXJzaW9uIjoiMSJ9",
          "dependencies": [
            "aws_vpc.main_vpc"
          ]
        }
      ]
    },
    {
      "mode": "managed",
      "type": "aws_vpc",
      "name": "main_vpc",
      "provider": "provider[\"registry.terraform.io/hashicorp/aws\"]",
      "instances": [
        {
          "schema_version": 1,
          "attributes": {
            "arn": "arn:aws:ec2:eu-central-1:314146331566:vpc/vpc-091c2f49f340cc84c",
            "assign_generated_ipv6_cidr_block": false,
            "cidr_block": "10.0.0.0/16",
            "default_network_acl_id": "acl-02b2c2aabc0089dd5",
            "default_route_table_id": "rtb-074136d0e10493daf",
            "default_security_group_id": "sg-0d1c55f2b3a7eaa8a",
            "dhcp_options_id": "dopt-0e85796f3cbd95ebe",
            "enable_dns_hostnames": false,
            "enable_dns_support": true,
            "enable_network_address_usage_metrics": false,
            "id": "vpc-091c2f49f340cc84c",
            "instance_tenancy": "default",
            "ipv4_ipam_pool_id": null,
            "ipv4_netmask_length": null,
            "ipv6_association_id": "",
            "ipv6_cidr_block": "",
            "ipv6_cidr_block_network_border_group": "",
            "ipv6_ipam_pool_id": "",
            "ipv6_netmask_length": 0,
            "main_route_table_id": "rtb-074136d0e10493daf",
            "owner_id": "314146331566",
            "tags": {
              "Name": "main-vpc"
            },
            "tags_all": {
              "Name": "main-vpc"
            }
          },
          "sensitive_attributes": [],
          "private": "eyJzY2hlbWFfdmVyc2lvbiI6IjEifQ=="
        }
      ]
    },
    {
      "module": "module.acm",
      "mode": "managed",
      "type": "aws_acm_certificate",
      "name": "this",
      "provider": "provider[\"registry.terraform.io/hashicorp/aws\"]",
      "instances": [
        {
          "index_key": 0,
          "schema_version": 0,
          "attributes": {
            "arn": "arn:aws:acm:eu-central-1:314146331566:certificate/cc88581b-0a51-443a-ab6e-3b3e868c631e",
            "certificate_authority_arn": "",
            "certificate_body": null,
            "certificate_chain": null,
            "domain_name": "danit.devops4.test-danit.com",
            "domain_validation_options": [
              {
                "domain_name": "*.danit.devops4.test-danit.com",
                "resource_record_name": "_23ebbd0a1da010ddfa5931c0e30f9b18.danit.devops4.test-danit.com.",
                "resource_record_type": "CNAME",
                "resource_record_value": "_45e92b0af2ffdd1a07a17dcaacd7ae23.zfyfvmchrl.acm-validations.aws."
              },
              {
                "domain_name": "danit.devops4.test-danit.com",
                "resource_record_name": "_23ebbd0a1da010ddfa5931c0e30f9b18.danit.devops4.test-danit.com.",
                "resource_record_type": "CNAME",
                "resource_record_value": "_45e92b0af2ffdd1a07a17dcaacd7ae23.zfyfvmchrl.acm-validations.aws."
              }
            ],
            "early_renewal_duration": "",
            "id": "arn:aws:acm:eu-central-1:314146331566:certificate/cc88581b-0a51-443a-ab6e-3b3e868c631e",
            "key_algorithm": "RSA_2048",
            "not_after": "2026-01-21T23:59:59Z",
            "not_before": "2024-12-23T00:00:00Z",
            "options": [
              {
                "certificate_transparency_logging_preference": "ENABLED"
              }
            ],
            "pending_renewal": false,
            "private_key": null,
            "renewal_eligibility": "INELIGIBLE",
            "renewal_summary": [],
            "status": "ISSUED",
            "subject_alternative_names": [
              "*.danit.devops4.test-danit.com",
              "danit.devops4.test-danit.com"
            ],
            "tags": {
              "Environment": "test-studen1",
              "Name": "danit-eks",
              "TfControl": "true"
            },
            "tags_all": {
              "Environment": "test-studen1",
              "Name": "danit-eks",
              "TfControl": "true"
            },
            "type": "AMAZON_ISSUED",
            "validation_emails": [],
            "validation_method": "DNS",
            "validation_option": []
          },
          "sensitive_attributes": [
            [
              {
                "type": "get_attr",
                "value": "private_key"
              }
            ]
          ],
          "private": "bnVsbA==",
          "create_before_destroy": true
        }
      ]
    },
    {
      "module": "module.acm",
      "mode": "managed",
      "type": "aws_acm_certificate_validation",
      "name": "this",
      "provider": "provider[\"registry.terraform.io/hashicorp/aws\"]",
      "instances": [
        {
          "index_key": 0,
          "schema_version": 0,
          "attributes": {
            "certificate_arn": "arn:aws:acm:eu-central-1:314146331566:certificate/cc88581b-0a51-443a-ab6e-3b3e868c631e",
            "id": "2024-12-23 18:15:57.38 +0000 UTC",
            "timeouts": null,
            "validation_record_fqdns": [
              "_23ebbd0a1da010ddfa5931c0e30f9b18.danit.devops4.test-danit.com"
            ]
          },
          "sensitive_attributes": [],
          "private": "eyJlMmJmYjczMC1lY2FhLTExZTYtOGY4OC0zNDM2M2JjN2M0YzAiOnsiY3JlYXRlIjo0NTAwMDAwMDAwMDAwfX0=",
          "dependencies": [
            "data.aws_route53_zone.zone",
            "module.acm.aws_acm_certificate.this",
            "module.acm.aws_route53_record.validation"
          ]
        }
      ]
    },
    {
      "module": "module.acm",
      "mode": "managed",
      "type": "aws_route53_record",
      "name": "validation",
      "provider": "provider[\"registry.terraform.io/hashicorp/aws\"]",
      "instances": [
        {
          "index_key": 0,
          "schema_version": 2,
          "attributes": {
            "alias": [],
            "allow_overwrite": true,
            "cidr_routing_policy": [],
            "failover_routing_policy": [],
            "fqdn": "_23ebbd0a1da010ddfa5931c0e30f9b18.danit.devops4.test-danit.com",
            "geolocation_routing_policy": [],
            "geoproximity_routing_policy": [],
            "health_check_id": "",
            "id": "Z02222952YFWU664LD34Z__23ebbd0a1da010ddfa5931c0e30f9b18.danit.devops4.test-danit.com._CNAME",
            "latency_routing_policy": [],
            "multivalue_answer_routing_policy": false,
            "name": "_23ebbd0a1da010ddfa5931c0e30f9b18.danit.devops4.test-danit.com",
            "records": [
              "_45e92b0af2ffdd1a07a17dcaacd7ae23.zfyfvmchrl.acm-validations.aws."
            ],
            "set_identifier": "",
            "ttl": 60,
            "type": "CNAME",
            "weighted_routing_policy": [],
            "zone_id": "Z02222952YFWU664LD34Z"
          },
          "sensitive_attributes": [],
          "private": "eyJzY2hlbWFfdmVyc2lvbiI6IjIifQ==",
          "dependencies": [
            "data.aws_route53_zone.zone",
            "module.acm.aws_acm_certificate.this"
          ]
        }
      ]
    },
    {
      "module": "module.eks-external-dns-fs17-instance",
      "mode": "data",
      "type": "aws_iam_policy_document",
      "name": "this_assume",
      "provider": "provider[\"registry.terraform.io/hashicorp/aws\"]",
      "instances": []
    },
    {
      "module": "module.eks-external-dns-fs17-instance",
      "mode": "managed",
      "type": "kubernetes_role",
      "name": "helm_argo_application_wait",
      "provider": "provider[\"registry.terraform.io/hashicorp/kubernetes\"]",
      "instances": []
    },
    {
      "module": "module.eks-external-dns-fs17-instance",
      "mode": "managed",
      "type": "kubernetes_role_binding",
      "name": "helm_argo_application_wait",
      "provider": "provider[\"registry.terraform.io/hashicorp/kubernetes\"]",
      "instances": []
    },
    {
      "module": "module.eks-external-dns-fs17-instance",
      "mode": "managed",
      "type": "kubernetes_service_account",
      "name": "helm_argo_application_wait",
      "provider": "provider[\"registry.terraform.io/hashicorp/kubernetes\"]",
      "instances": []
    },
    {
      "module": "module.eks-external-dns-fs17-instance-2",
      "mode": "data",
      "type": "aws_iam_policy_document",
      "name": "this",
      "provider": "provider[\"registry.terraform.io/hashicorp/aws\"]",
      "instances": [
        {
          "index_key": 0,
          "schema_version": 0,
          "attributes": {
            "id": "295616812",
            "json": "{\n  \"Version\": \"2012-10-17\",\n  \"Statement\": [\n    {\n      \"Sid\": \"ChangeResourceRecordSets\",\n      \"Effect\": \"Allow\",\n      \"Action\": \"route53:ChangeResourceRecordSets\",\n      \"Resource\": \"arn:aws:route53:::hostedzone/*\"\n    },\n    {\n      \"Sid\": \"ListResourceRecordSets\",\n      \"Effect\": \"Allow\",\n      \"Action\": [\n        \"route53:ListTagsForResource\",\n        \"route53:ListResourceRecordSets\",\n        \"route53:ListHostedZones\"\n      ],\n      \"Resource\": \"*\"\n    }\n  ]\n}",
            "minified_json": "{\"Version\":\"2012-10-17\",\"Statement\":[{\"Sid\":\"ChangeResourceRecordSets\",\"Effect\":\"Allow\",\"Action\":\"route53:ChangeResourceRecordSets\",\"Resource\":\"arn:aws:route53:::hostedzone/*\"},{\"Sid\":\"ListResourceRecordSets\",\"Effect\":\"Allow\",\"Action\":[\"route53:ListTagsForResource\",\"route53:ListResourceRecordSets\",\"route53:ListHostedZones\"],\"Resource\":\"*\"}]}",
            "override_json": null,
            "override_policy_documents": null,
            "policy_id": null,
            "source_json": null,
            "source_policy_documents": null,
            "statement": [
              {
                "actions": [
                  "route53:ChangeResourceRecordSets"
                ],
                "condition": [],
                "effect": "Allow",
                "not_actions": [],
                "not_principals": [],
                "not_resources": [],
                "principals": [],
                "resources": [
                  "arn:aws:route53:::hostedzone/*"
                ],
                "sid": "ChangeResourceRecordSets"
              },
              {
                "actions": [
                  "route53:ListHostedZones",
                  "route53:ListResourceRecordSets",
                  "route53:ListTagsForResource"
                ],
                "condition": [],
                "effect": "Allow",
                "not_actions": [],
                "not_principals": [],
                "not_resources": [],
                "principals": [],
                "resources": [
                  "*"
                ],
                "sid": "ListResourceRecordSets"
              }
            ],
            "version": "2012-10-17"
          },
          "sensitive_attributes": []
        }
      ]
    },
    {
      "module": "module.eks-external-dns-fs17-instance-2",
      "mode": "data",
      "type": "aws_iam_policy_document",
      "name": "this_assume",
      "provider": "provider[\"registry.terraform.io/hashicorp/aws\"]",
      "instances": []
    },
    {
      "module": "module.eks-external-dns-fs17-instance-2",
      "mode": "data",
      "type": "aws_region",
      "name": "current",
      "provider": "provider[\"registry.terraform.io/hashicorp/aws\"]",
      "instances": [
        {
          "schema_version": 0,
          "attributes": {
            "description": "Europe (Frankfurt)",
            "endpoint": "ec2.eu-central-1.amazonaws.com",
            "id": "eu-central-1",
            "name": "eu-central-1"
          },
          "sensitive_attributes": []
        }
      ]
    },
    {
      "module": "module.eks-external-dns-fs17-instance-2",
      "mode": "managed",
      "type": "kubernetes_role",
      "name": "helm_argo_application_wait",
      "provider": "provider[\"registry.terraform.io/hashicorp/kubernetes\"]",
      "instances": []
    },
    {
      "module": "module.eks-external-dns-fs17-instance-2",
      "mode": "managed",
      "type": "kubernetes_role_binding",
      "name": "helm_argo_application_wait",
      "provider": "provider[\"registry.terraform.io/hashicorp/kubernetes\"]",
      "instances": []
    },
    {
      "module": "module.eks-external-dns-fs17-instance-2",
      "mode": "managed",
      "type": "kubernetes_service_account",
      "name": "helm_argo_application_wait",
      "provider": "provider[\"registry.terraform.io/hashicorp/kubernetes\"]",
      "instances": []
    }
  ],
  "check_results": [
    {
      "object_kind": "var",
      "config_addr": "module.acm.var.validation_method",
      "status": "pass",
      "objects": [
        {
          "object_addr": "module.acm.var.validation_method",
          "status": "pass"
        }
      ]
    }
  ]
}
